
Microsoft Visual Studio Solution File, Format Version 12.00
# Visual Studio Version 16
VisualStudioVersion = 16.0.30907.101
MinimumVisualStudioVersion = 10.0.40219.1
Project("{FAE04EC0-301F-11D3-BF4B-00C04F79EFBC}") = "helloWorld", "helloWorld\helloWorld.csproj", "{231C7E0C-A828-449B-A89C-D35B2803C82A}"
EndProject
Global
	GlobalSection(SolutionConfigurationPlatforms) = preSolution
		Debug|Any CPU = Debug|Any CPU
		Release|Any CPU = Release|Any CPU
	EndGlobalSection
	GlobalSection(ProjectConfigurationPlatforms) = postSolution
		{231C7E0C-A828-449B-A89C-D35B2803C82A}.Debug|Any CPU.ActiveCfg = Debug|Any CPU
		{231C7E0C-A828-449B-A89C-D35B2803C82A}.Debug|Any CPU.Build.0 = Debug|Any CPU
		{231C7E0C-A828-449B-A89C-D35B2803C82A}.Release|Any CPU.ActiveCfg = Release|Any CPU
		{231C7E0C-A828-449B-A89C-D35B2803C82A}.Release|Any CPU.Build.0 = Release|Any CPU
	EndGlobalSection
	GlobalSection(SolutionProperties) = preSolution
		HideSolutionNode = FALSE
	EndGlobalSection
	GlobalSection(ExtensibilityGlobals) = postSolution
		SolutionGuid = {074AC945-5D13-45DA-AA14-A8EFC6FAACA3}
	EndGlobalSection
EndGlobal
